
Microsoft Visual Studio Solution File, Format Version 12.00
# Visual Studio 15
VisualStudioVersion = 15.0.28010.2050
MinimumVisualStudioVersion = 10.0.40219.1
Project("{2150E333-8FDC-42A3-9474-1A3956D46DE8}") = "Microservices", "Microservices", "{CB6E0D5A-E8BE-4426-93D3-490CE48EE8C7}"
EndProject
Project("{2150E333-8FDC-42A3-9474-1A3956D46DE8}") = "Domain", "Domain", "{7585FF66-8D3F-407F-ACF3-CAB0BF7F7E09}"
EndProject
Project("{2150E333-8FDC-42A3-9474-1A3956D46DE8}") = "Infra.Bus", "Infra.Bus", "{D26FAD6C-00FF-4F1C-A08C-EA2E8DCE4A27}"
EndProject
Project("{2150E333-8FDC-42A3-9474-1A3956D46DE8}") = "Infra.IoC", "Infra.IoC", "{F6C4B176-8BB6-4898-885E-CD159F295403}"
EndProject
Project("{2150E333-8FDC-42A3-9474-1A3956D46DE8}") = "Presentation", "Presentation", "{93BD4E33-3AD2-4046-8A48-62D8064FAF78}"
EndProject
Project("{FAE04EC0-301F-11D3-BF4B-00C04F79EFBC}") = "MicroRabbit.Domain.Core", "MicroRabbit.Domain.Core\MicroRabbit.Domain.Core.csproj", "{B46D82FA-DC4F-45A0-90A4-C26D11F59464}"
EndProject
Global
	GlobalSection(SolutionConfigurationPlatforms) = preSolution
		Debug|Any CPU = Debug|Any CPU
		Release|Any CPU = Release|Any CPU
	EndGlobalSection
	GlobalSection(ProjectConfigurationPlatforms) = postSolution
		{B46D82FA-DC4F-45A0-90A4-C26D11F59464}.Debug|Any CPU.ActiveCfg = Debug|Any CPU
		{B46D82FA-DC4F-45A0-90A4-C26D11F59464}.Debug|Any CPU.Build.0 = Debug|Any CPU
		{B46D82FA-DC4F-45A0-90A4-C26D11F59464}.Release|Any CPU.ActiveCfg = Release|Any CPU
		{B46D82FA-DC4F-45A0-90A4-C26D11F59464}.Release|Any CPU.Build.0 = Release|Any CPU
	EndGlobalSection
	GlobalSection(SolutionProperties) = preSolution
		HideSolutionNode = FALSE
	EndGlobalSection
	GlobalSection(NestedProjects) = preSolution
		{B46D82FA-DC4F-45A0-90A4-C26D11F59464} = {7585FF66-8D3F-407F-ACF3-CAB0BF7F7E09}
	EndGlobalSection
	GlobalSection(ExtensibilityGlobals) = postSolution
		SolutionGuid = {20AD4A03-CF58-4F5F-A20F-38837180D3A5}
	EndGlobalSection
EndGlobal
